// !$*UTF8*$!
{
	archiveVersion = 1;
	classes = {
	};
	objectVersion = 48;
	objects = {

/* Begin PBXBuildFile section */
		7B341784201CD6BD00A977AA /* AppDelegate.swift in Sources */ = {isa = PBXBuildFile; fileRef = 7B341783201CD6BD00A977AA /* AppDelegate.swift */; };
		7B341786201CD6BD00A977AA /* ViewController.swift in Sources */ = {isa = PBXBuildFile; fileRef = 7B341785201CD6BD00A977AA /* ViewController.swift */; };
		7B341789201CD6BD00A977AA /* Main.storyboard in Resources */ = {isa = PBXBuildFile; fileRef = 7B341787201CD6BD00A977AA /* Main.storyboard */; };
		7B34178B201CD6BD00A977AA /* Assets.xcassets in Resources */ = {isa = PBXBuildFile; fileRef = 7B34178A201CD6BD00A977AA /* Assets.xcassets */; };
		7B34178E201CD6BD00A977AA /* LaunchScreen.storyboard in Resources */ = {isa = PBXBuildFile; fileRef = 7B34178C201CD6BD00A977AA /* LaunchScreen.storyboard */; };
		7B341796201CD6D900A977AA /* Flashcard.swift in Sources */ = {isa = PBXBuildFile; fileRef = 7B341795201CD6D900A977AA /* Flashcard.swift */; };
		7B341798201CD7DB00A977AA /* Deck.swift in Sources */ = {isa = PBXBuildFile; fileRef = 7B341797201CD7DB00A977AA /* Deck.swift */; };
		7B34179A201CDEB200A977AA /* DefinitionViewController.swift in Sources */ = {isa = PBXBuildFile; fileRef = 7B341799201CDEB200A977AA /* DefinitionViewController.swift */; };
/* End PBXBuildFile section */

/* Begin PBXFileReference section */
		7B341780201CD6BD00A977AA /* Flashcards.app */ = {isa = PBXFileReference; explicitFileType = wrapper.application; includeInIndex = 0; path = Flashcards.app; sourceTree = BUILT_PRODUCTS_DIR; };
		7B341783201CD6BD00A977AA /* AppDelegate.swift */ = {isa = PBXFileReference; lastKnownFileType = sourcecode.swift; path = AppDelegate.swift; sourceTree = "<group>"; };
		7B341785201CD6BD00A977AA /* ViewController.swift */ = {isa = PBXFileReference; lastKnownFileType = sourcecode.swift; path = ViewController.swift; sourceTree = "<group>"; };
		7B341788201CD6BD00A977AA /* Base */ = {isa = PBXFileReference; lastKnownFileType = file.storyboard; name = Base; path = Base.lproj/Main.storyboard; sourceTree = "<group>"; };
		7B34178A201CD6BD00A977AA /* Assets.xcassets */ = {isa = PBXFileReference; lastKnownFileType = folder.assetcatalog; path = Assets.xcassets; sourceTree = "<group>"; };
		7B34178D201CD6BD00A977AA /* Base */ = {isa = PBXFileReference; lastKnownFileType = file.storyboard; name = Base; path = Base.lproj/LaunchScreen.storyboard; sourceTree = "<group>"; };
		7B34178F201CD6BD00A977AA /* Info.plist */ = {isa = PBXFileReference; lastKnownFileType = text.plist.xml; path = Info.plist; sourceTree = "<group>"; };
		7B341795201CD6D900A977AA /* Flashcard.swift */ = {isa = PBXFileReference; lastKnownFileType = sourcecode.swift; path = Flashcard.swift; sourceTree = "<group>"; };
		7B341797201CD7DB00A977AA /* Deck.swift */ = {isa = PBXFileReference; lastKnownFileType = sourcecode.swift; path = Deck.swift; sourceTree = "<group>"; };
		7B341799201CDEB200A977AA /* DefinitionViewController.swift */ = {isa = PBXFileReference; lastKnownFileType = sourcecode.swift; path = DefinitionViewController.swift; sourceTree = "<group>"; };
/* End PBXFileReference section */

/* Begin PBXFrameworksBuildPhase section */
		7B34177D201CD6BD00A977AA /* Frameworks */ = {
			isa = PBXFrameworksBuildPhase;
			buildActionMask = 2147483647;
			files = (
			);
			runOnlyForDeploymentPostprocessing = 0;
		};
/* End PBXFrameworksBuildPhase section */

/* Begin PBXGroup section */
		7B341777201CD6BD00A977AA = {
			isa = PBXGroup;
			children = (
				7B341782201CD6BD00A977AA /* Flashcards */,
				7B341781201CD6BD00A977AA /* Products */,
			);
			sourceTree = "<group>";
		};
		7B341781201CD6BD00A977AA /* Products */ = {
			isa = PBXGroup;
			children = (
				7B341780201CD6BD00A977AA /* Flashcards.app */,
			);
			name = Products;
			sourceTree = "<group>";
		};
		7B341782201CD6BD00A977AA /* Flashcards */ = {
			isa = PBXGroup;
			children = (
				7B341783201CD6BD00A977AA /* AppDelegate.swift */,
				7B341785201CD6BD00A977AA /* ViewController.swift */,
				7B341787201CD6BD00A977AA /* Main.storyboard */,
				7B34178A201CD6BD00A977AA /* Assets.xcassets */,
				7B34178C201CD6BD00A977AA /* LaunchScreen.storyboard */,
				7B34178F201CD6BD00A977AA /* Info.plist */,
				7B341795201CD6D900A977AA /* Flashcard.swift */,
				7B341797201CD7DB00A977AA /* Deck.swift */,
				7B341799201CDEB200A977AA /* DefinitionViewController.swift */,
			);
			path = Flashcards;
			sourceTree = "<group>";
		};
/* End PBXGroup section */

/* Begin PBXNativeTarget section */
		7B34177F201CD6BD00A977AA /* Flashcards */ = {
			isa = PBXNativeTarget;
			buildConfigurationList = 7B341792201CD6BD00A977AA /* Build configuration list for PBXNativeTarget "Flashcards" */;
			buildPhases = (
				7B34177C201CD6BD00A977AA /* Sources */,
				7B34177D201CD6BD00A977AA /* Frameworks */,
				7B34177E201CD6BD00A977AA /* Resources */,
			);
			buildRules = (
			);
			dependencies = (
			);
			name = Flashcards;
			productName = Flashcards;
			productReference = 7B341780201CD6BD00A977AA /* Flashcards.app */;
			productType = "com.apple.product-type.application";
		};
/* End PBXNativeTarget section */

/* Begin PBXProject section */
		7B341778201CD6BD00A977AA /* Project object */ = {
			isa = PBXProject;
			attributes = {
				LastSwiftUpdateCheck = 0920;
				LastUpgradeCheck = 0920;
				ORGANIZATIONNAME = "Jordan Stapinski";
				TargetAttributes = {
					7B34177F201CD6BD00A977AA = {
						CreatedOnToolsVersion = 9.2;
						ProvisioningStyle = Automatic;
					};
				};
			};
			buildConfigurationList = 7B34177B201CD6BD00A977AA /* Build configuration list for PBXProject "Flashcards" */;
			compatibilityVersion = "Xcode 8.0";
			developmentRegion = en;
			hasScannedForEncodings = 0;
			knownRegions = (
				en,
				Base,
			);
			mainGroup = 7B341777201CD6BD00A977AA;
			productRefGroup = 7B341781201CD6BD00A977AA /* Products */;
			projectDirPath = "";
			projectRoot = "";
			targets = (
				7B34177F201CD6BD00A977AA /* Flashcards */,
			);
		};
/* End PBXProject section */

/* Begin PBXResourcesBuildPhase section */
		7B34177E201CD6BD00A977AA /* Resources */ = {
			isa = PBXResourcesBuildPhase;
			buildActionMask = 2147483647;
			files = (
				7B34178E201CD6BD00A977AA /* LaunchScreen.storyboard in Resources */,
				7B34178B201CD6BD00A977AA /* Assets.xcassets in Resources */,
				7B341789201CD6BD00A977AA /* Main.storyboard in Resources */,
			);
			runOnlyForDeploymentPostprocessing = 0;
		};
/* End PBXResourcesBuildPhase section */

/* Begin PBXSourcesBuildPhase section */
		7B34177C201CD6BD00A977AA /* Sources */ = {
			isa = PBXSourcesBuildPhase;
			buildActionMask = 2147483647;
			files = (
				7B341798201CD7DB00A977AA /* Deck.swift in Sources */,
				7B341796201CD6D900A977AA /* Flashcard.swift in Sources */,
				7B341786201CD6BD00A977AA /* ViewController.swift in Sources */,
				7B341784201CD6BD00A977AA /* AppDelegate.swift in Sources */,
				7B34179A201CDEB200A977AA /* DefinitionViewController.swift in Sources */,
			);
			runOnlyForDeploymentPostprocessing = 0;
		};
/* End PBXSourcesBuildPhase section */

/* Begin PBXVariantGroup section */
		7B341787201CD6BD00A977AA /* Main.storyboard */ = {
			isa = PBXVariantGroup;
			children = (
				7B341788201CD6BD00A977AA /* Base */,
			);
			name = Main.storyboard;
			sourceTree = "<group>";
		};
		7B34178C201CD6BD00A977AA /* LaunchScreen.storyboard */ = {
			isa = PBXVariantGroup;
			children = (
				7B34178D201CD6BD00A977AA /* Base */,
			);
			name = LaunchScreen.storyboard;
			sourceTree = "<group>";
		};
/* End PBXVariantGroup section */

/* Begin XCBuildConfiguration section */
		7B341790201CD6BD00A977AA /* Debug */ = {
			isa = XCBuildConfiguration;
			buildSettings = {
				ALWAYS_SEARCH_USER_PATHS = NO;
				CLANG_ANALYZER_NONNULL = YES;
				CLANG_ANALYZER_NUMBER_OBJECT_CONVERSION = YES_AGGRESSIVE;
				CLANG_CXX_LANGUAGE_STANDARD = "gnu++14";
				CLANG_CXX_LIBRARY = "libc++";
				CLANG_ENABLE_MODULES = YES;
				CLANG_ENABLE_OBJC_ARC = YES;
				CLANG_WARN_BLOCK_CAPTURE_AUTORELEASING = YES;
				CLANG_WARN_BOOL_CONVERSION = YES;
				CLANG_WARN_COMMA = YES;
				CLANG_WARN_CONSTANT_CONVERSION = YES;
				CLANG_WARN_DIRECT_OBJC_ISA_USAGE = YES_ERROR;
				CLANG_WARN_DOCUMENTATION_COMMENTS = YES;
				CLANG_WARN_EMPTY_BODY = YES;
				CLANG_WARN_ENUM_CONVERSION = YES;
				CLANG_WARN_INFINITE_RECURSION = YES;
				CLANG_WARN_INT_CONVERSION = YES;
				CLANG_WARN_NON_LITERAL_NULL_CONVERSION = YES;
				CLANG_WARN_OBJC_LITERAL_CONVERSION = YES;
				CLANG_WARN_OBJC_ROOT_CLASS = YES_ERROR;
				CLANG_WARN_RANGE_LOOP_ANALYSIS = YES;
				CLANG_WARN_STRICT_PROTOTYPES = YES;
				CLANG_WARN_SUSPICIOUS_MOVE = YES;
				CLANG_WARN_UNGUARDED_AVAILABILITY = YES_AGGRESSIVE;
				CLANG_WARN_UNREACHABLE_CODE = YES;
				CLANG_WARN__DUPLICATE_METHOD_MATCH = YES;
				CODE_SIGN_IDENTITY = "iPhone Developer";
				COPY_PHASE_STRIP = NO;
				DEBUG_INFORMATION_FORMAT = dwarf;
				ENABLE_STRICT_OBJC_MSGSEND = YES;
				ENABLE_TESTABILITY = YES;
				GCC_C_LANGUAGE_STANDARD = gnu11;
				GCC_DYNAMIC_NO_PIC = NO;
				GCC_NO_COMMON_BLOCKS = YES;
				GCC_OPTIMIZATION_LEVEL = 0;
				GCC_PREPROCESSOR_DEFINITIONS = (
					"DEBUG=1",
					"$(inherited)",
				);
				GCC_WARN_64_TO_32_BIT_CONVERSION = YES;
				GCC_WARN_ABOUT_RETURN_TYPE = YES_ERROR;
				GCC_WARN_UNDECLARED_SELECTOR = YES;
				GCC_WARN_UNINITIALIZED_AUTOS = YES_AGGRESSIVE;
				GCC_WARN_UNUSED_FUNCTION = YES;
				GCC_WARN_UNUSED_VARIABLE = YES;
				IPHONEOS_DEPLOYMENT_TARGET = 11.2;
				MTL_ENABLE_DEBUG_INFO = YES;
				ONLY_ACTIVE_ARCH = YES;
				SDKROOT = iphoneos;
				SWIFT_ACTIVE_COMPILATION_CONDITIONS = DEBUG;
				SWIFT_OPTIMIZATION_LEVEL = "-Onone";
			};
			name = Debug;
		};
		7B341791201CD6BD00A977AA /* Release */ = {
			isa = XCBuildConfiguration;
			buildSettings = {
				ALWAYS_SEARCH_USER_PATHS = NO;
				CLANG_ANALYZER_NONNULL = YES;
				CLANG_ANALYZER_NUMBER_OBJECT_CONVERSION = YES_AGGRESSIVE;
				CLANG_CXX_LANGUAGE_STANDARD = "gnu++14";
				CLANG_CXX_LIBRARY = "libc++";
				CLANG_ENABLE_MODULES = YES;
				CLANG_ENABLE_OBJC_ARC = YES;
				CLANG_WARN_BLOCK_CAPTURE_AUTORELEASING = YES;
				CLANG_WARN_BOOL_CONVERSION = YES;
				CLANG_WARN_COMMA = YES;
				CLANG_WARN_CONSTANT_CONVERSION = YES;
				CLANG_WARN_DIRECT_OBJC_ISA_USAGE = YES_ERROR;
				CLANG_WARN_DOCUMENTATION_COMMENTS = YES;
				CLANG_WARN_EMPTY_BODY = YES;
				CLANG_WARN_ENUM_CONVERSION = YES;
				CLANG_WARN_INFINITE_RECURSION = YES;
				CLANG_WARN_INT_CONVERSION = YES;
				CLANG_WARN_NON_LITERAL_NULL_CONVERSION = YES;
				CLANG_WARN_OBJC_LITERAL_CONVERSION = YES;
				CLANG_WARN_OBJC_ROOT_CLASS = YES_ERROR;
				CLANG_WARN_RANGE_LOOP_ANALYSIS = YES;
				CLANG_WARN_STRICT_PROTOTYPES = YES;
				CLANG_WARN_SUSPICIOUS_MOVE = YES;
				CLANG_WARN_UNGUARDED_AVAILABILITY = YES_AGGRESSIVE;
				CLANG_WARN_UNREACHABLE_CODE = YES;
				CLANG_WARN__DUPLICATE_METHOD_MATCH = YES;
				CODE_SIGN_IDENTITY = "iPhone Developer";
				COPY_PHASE_STRIP = NO;
				DEBUG_INFORMATION_FORMAT = "dwarf-with-dsym";
				ENABLE_NS_ASSERTIONS = NO;
				ENABLE_STRICT_OBJC_MSGSEND = YES;
				GCC_C_LANGUAGE_STANDARD = gnu11;
				GCC_NO_COMMON_BLOCKS = YES;
				GCC_WARN_64_TO_32_BIT_CONVERSION = YES;
				GCC_WARN_ABOUT_RETURN_TYPE = YES_ERROR;
				GCC_WARN_UNDECLARED_SELECTOR = YES;
				GCC_WARN_UNINITIALIZED_AUTOS = YES_AGGRESSIVE;
				GCC_WARN_UNUSED_FUNCTION = YES;
				GCC_WARN_UNUSED_VARIABLE = YES;
				IPHONEOS_DEPLOYMENT_TARGET = 11.2;
				MTL_ENABLE_DEBUG_INFO = NO;
				SDKROOT = iphoneos;
				SWIFT_OPTIMIZATION_LEVEL = "-Owholemodule";
				VALIDATE_PRODUCT = YES;
			};
			name = Release;
		};
		7B341793201CD6BD00A977AA /* Debug */ = {
			isa = XCBuildConfiguration;
			buildSettings = {
				ASSETCATALOG_COMPILER_APPICON_NAME = AppIcon;
				CODE_SIGN_STYLE = Automatic;
				INFOPLIST_FILE = Flashcards/Info.plist;
				LD_RUNPATH_SEARCH_PATHS = "$(inherited) @executable_path/Frameworks";
				PRODUCT_BUNDLE_IDENTIFIER = "Jordan-Stapinski.Flashcards";
				PRODUCT_NAME = "$(TARGET_NAME)";
				SWIFT_VERSION = 4.0;
				TARGETED_DEVICE_FAMILY = "1,2";
			};
			name = Debug;
		};
		7B341794201CD6BD00A977AA /* Release */ = {
			isa = XCBuildConfiguration;
			buildSettings = {
				ASSETCATALOG_COMPILER_APPICON_NAME = AppIcon;
				CODE_SIGN_STYLE = Automatic;
				INFOPLIST_FILE = Flashcards/Info.plist;
				LD_RUNPATH_SEARCH_PATHS = "$(inherited) @executable_path/Frameworks";
				PRODUCT_BUNDLE_IDENTIFIER = "Jordan-Stapinski.Flashcards";
				PRODUCT_NAME = "$(TARGET_NAME)";
				SWIFT_VERSION = 4.0;
				TARGETED_DEVICE_FAMILY = "1,2";
			};
			name = Release;
		};
/* End XCBuildConfiguration section */

/* Begin XCConfigurationList section */
		7B34177B201CD6BD00A977AA /* Build configuration list for PBXProject "Flashcards" */ = {
			isa = XCConfigurationList;
			buildConfigurations = (
				7B341790201CD6BD00A977AA /* Debug */,
				7B341791201CD6BD00A977AA /* Release */,
			);
			defaultConfigurationIsVisible = 0;
			defaultConfigurationName = Release;
		};
		7B341792201CD6BD00A977AA /* Build configuration list for PBXNativeTarget "Flashcards" */ = {
			isa = XCConfigurationList;
			buildConfigurations = (
				7B341793201CD6BD00A977AA /* Debug */,
				7B341794201CD6BD00A977AA /* Release */,
			);
			defaultConfigurationIsVisible = 0;
			defaultConfigurationName = Release;
		};
/* End XCConfigurationList section */
	};
	rootObject = 7B341778201CD6BD00A977AA /* Project object */;
}
