// !$*UTF8*$!
{
	archiveVersion = 1;
	classes = {
	};
	objectVersion = 48;
	objects = {

/* Begin PBXBuildFile section */
		A32EAC7620223D650070919C /* AppDelegate.swift in Sources */ = {isa = PBXBuildFile; fileRef = A32EAC7520223D650070919C /* AppDelegate.swift */; };
		A32EAC7820223D650070919C /* ViewController.swift in Sources */ = {isa = PBXBuildFile; fileRef = A32EAC7720223D650070919C /* ViewController.swift */; };
		A32EAC7B20223D650070919C /* Main.storyboard in Resources */ = {isa = PBXBuildFile; fileRef = A32EAC7920223D650070919C /* Main.storyboard */; };
		A32EAC7D20223D650070919C /* Assets.xcassets in Resources */ = {isa = PBXBuildFile; fileRef = A32EAC7C20223D650070919C /* Assets.xcassets */; };
		A32EAC8020223D650070919C /* LaunchScreen.storyboard in Resources */ = {isa = PBXBuildFile; fileRef = A32EAC7E20223D650070919C /* LaunchScreen.storyboard */; };
		A32EAC8B20223D650070919C /* TestLabTests.swift in Sources */ = {isa = PBXBuildFile; fileRef = A32EAC8A20223D650070919C /* TestLabTests.swift */; };
		A32EAC9620223D650070919C /* TestLabUITests.swift in Sources */ = {isa = PBXBuildFile; fileRef = A32EAC9520223D650070919C /* TestLabUITests.swift */; };
/* End PBXBuildFile section */

/* Begin PBXContainerItemProxy section */
		A32EAC8720223D650070919C /* PBXContainerItemProxy */ = {
			isa = PBXContainerItemProxy;
			containerPortal = A32EAC6A20223D650070919C /* Project object */;
			proxyType = 1;
			remoteGlobalIDString = A32EAC7120223D650070919C;
			remoteInfo = TestLab;
		};
		A32EAC9220223D650070919C /* PBXContainerItemProxy */ = {
			isa = PBXContainerItemProxy;
			containerPortal = A32EAC6A20223D650070919C /* Project object */;
			proxyType = 1;
			remoteGlobalIDString = A32EAC7120223D650070919C;
			remoteInfo = TestLab;
		};
/* End PBXContainerItemProxy section */

/* Begin PBXFileReference section */
		A32EAC7220223D650070919C /* TestLab.app */ = {isa = PBXFileReference; explicitFileType = wrapper.application; includeInIndex = 0; path = TestLab.app; sourceTree = BUILT_PRODUCTS_DIR; };
		A32EAC7520223D650070919C /* AppDelegate.swift */ = {isa = PBXFileReference; lastKnownFileType = sourcecode.swift; path = AppDelegate.swift; sourceTree = "<group>"; };
		A32EAC7720223D650070919C /* ViewController.swift */ = {isa = PBXFileReference; lastKnownFileType = sourcecode.swift; path = ViewController.swift; sourceTree = "<group>"; };
		A32EAC7A20223D650070919C /* Base */ = {isa = PBXFileReference; lastKnownFileType = file.storyboard; name = Base; path = Base.lproj/Main.storyboard; sourceTree = "<group>"; };
		A32EAC7C20223D650070919C /* Assets.xcassets */ = {isa = PBXFileReference; lastKnownFileType = folder.assetcatalog; path = Assets.xcassets; sourceTree = "<group>"; };
		A32EAC7F20223D650070919C /* Base */ = {isa = PBXFileReference; lastKnownFileType = file.storyboard; name = Base; path = Base.lproj/LaunchScreen.storyboard; sourceTree = "<group>"; };
		A32EAC8120223D650070919C /* Info.plist */ = {isa = PBXFileReference; lastKnownFileType = text.plist.xml; path = Info.plist; sourceTree = "<group>"; };
		A32EAC8620223D650070919C /* TestLabTests.xctest */ = {isa = PBXFileReference; explicitFileType = wrapper.cfbundle; includeInIndex = 0; path = TestLabTests.xctest; sourceTree = BUILT_PRODUCTS_DIR; };
		A32EAC8A20223D650070919C /* TestLabTests.swift */ = {isa = PBXFileReference; lastKnownFileType = sourcecode.swift; path = TestLabTests.swift; sourceTree = "<group>"; };
		A32EAC8C20223D650070919C /* Info.plist */ = {isa = PBXFileReference; lastKnownFileType = text.plist.xml; path = Info.plist; sourceTree = "<group>"; };
		A32EAC9120223D650070919C /* TestLabUITests.xctest */ = {isa = PBXFileReference; explicitFileType = wrapper.cfbundle; includeInIndex = 0; path = TestLabUITests.xctest; sourceTree = BUILT_PRODUCTS_DIR; };
		A32EAC9520223D650070919C /* TestLabUITests.swift */ = {isa = PBXFileReference; lastKnownFileType = sourcecode.swift; path = TestLabUITests.swift; sourceTree = "<group>"; };
		A32EAC9720223D650070919C /* Info.plist */ = {isa = PBXFileReference; lastKnownFileType = text.plist.xml; path = Info.plist; sourceTree = "<group>"; };
/* End PBXFileReference section */

/* Begin PBXFrameworksBuildPhase section */
		A32EAC6F20223D650070919C /* Frameworks */ = {
			isa = PBXFrameworksBuildPhase;
			buildActionMask = 2147483647;
			files = (
			);
			runOnlyForDeploymentPostprocessing = 0;
		};
		A32EAC8320223D650070919C /* Frameworks */ = {
			isa = PBXFrameworksBuildPhase;
			buildActionMask = 2147483647;
			files = (
			);
			runOnlyForDeploymentPostprocessing = 0;
		};
		A32EAC8E20223D650070919C /* Frameworks */ = {
			isa = PBXFrameworksBuildPhase;
			buildActionMask = 2147483647;
			files = (
			);
			runOnlyForDeploymentPostprocessing = 0;
		};
/* End PBXFrameworksBuildPhase section */

/* Begin PBXGroup section */
		A32EAC6920223D650070919C = {
			isa = PBXGroup;
			children = (
				A32EAC7420223D650070919C /* TestLab */,
				A32EAC8920223D650070919C /* TestLabTests */,
				A32EAC9420223D650070919C /* TestLabUITests */,
				A32EAC7320223D650070919C /* Products */,
			);
			sourceTree = "<group>";
		};
		A32EAC7320223D650070919C /* Products */ = {
			isa = PBXGroup;
			children = (
				A32EAC7220223D650070919C /* TestLab.app */,
				A32EAC8620223D650070919C /* TestLabTests.xctest */,
				A32EAC9120223D650070919C /* TestLabUITests.xctest */,
			);
			name = Products;
			sourceTree = "<group>";
		};
		A32EAC7420223D650070919C /* TestLab */ = {
			isa = PBXGroup;
			children = (
				A32EAC7520223D650070919C /* AppDelegate.swift */,
				A32EAC7720223D650070919C /* ViewController.swift */,
				A32EAC7920223D650070919C /* Main.storyboard */,
				A32EAC7C20223D650070919C /* Assets.xcassets */,
				A32EAC7E20223D650070919C /* LaunchScreen.storyboard */,
				A32EAC8120223D650070919C /* Info.plist */,
			);
			path = TestLab;
			sourceTree = "<group>";
		};
		A32EAC8920223D650070919C /* TestLabTests */ = {
			isa = PBXGroup;
			children = (
				A32EAC8A20223D650070919C /* TestLabTests.swift */,
				A32EAC8C20223D650070919C /* Info.plist */,
			);
			path = TestLabTests;
			sourceTree = "<group>";
		};
		A32EAC9420223D650070919C /* TestLabUITests */ = {
			isa = PBXGroup;
			children = (
				A32EAC9520223D650070919C /* TestLabUITests.swift */,
				A32EAC9720223D650070919C /* Info.plist */,
			);
			path = TestLabUITests;
			sourceTree = "<group>";
		};
/* End PBXGroup section */

/* Begin PBXNativeTarget section */
		A32EAC7120223D650070919C /* TestLab */ = {
			isa = PBXNativeTarget;
			buildConfigurationList = A32EAC9A20223D650070919C /* Build configuration list for PBXNativeTarget "TestLab" */;
			buildPhases = (
				A32EAC6E20223D650070919C /* Sources */,
				A32EAC6F20223D650070919C /* Frameworks */,
				A32EAC7020223D650070919C /* Resources */,
			);
			buildRules = (
			);
			dependencies = (
			);
			name = TestLab;
			productName = TestLab;
			productReference = A32EAC7220223D650070919C /* TestLab.app */;
			productType = "com.apple.product-type.application";
		};
		A32EAC8520223D650070919C /* TestLabTests */ = {
			isa = PBXNativeTarget;
			buildConfigurationList = A32EAC9D20223D650070919C /* Build configuration list for PBXNativeTarget "TestLabTests" */;
			buildPhases = (
				A32EAC8220223D650070919C /* Sources */,
				A32EAC8320223D650070919C /* Frameworks */,
				A32EAC8420223D650070919C /* Resources */,
			);
			buildRules = (
			);
			dependencies = (
				A32EAC8820223D650070919C /* PBXTargetDependency */,
			);
			name = TestLabTests;
			productName = TestLabTests;
			productReference = A32EAC8620223D650070919C /* TestLabTests.xctest */;
			productType = "com.apple.product-type.bundle.unit-test";
		};
		A32EAC9020223D650070919C /* TestLabUITests */ = {
			isa = PBXNativeTarget;
			buildConfigurationList = A32EACA020223D650070919C /* Build configuration list for PBXNativeTarget "TestLabUITests" */;
			buildPhases = (
				A32EAC8D20223D650070919C /* Sources */,
				A32EAC8E20223D650070919C /* Frameworks */,
				A32EAC8F20223D650070919C /* Resources */,
			);
			buildRules = (
			);
			dependencies = (
				A32EAC9320223D650070919C /* PBXTargetDependency */,
			);
			name = TestLabUITests;
			productName = TestLabUITests;
			productReference = A32EAC9120223D650070919C /* TestLabUITests.xctest */;
			productType = "com.apple.product-type.bundle.ui-testing";
		};
/* End PBXNativeTarget section */

/* Begin PBXProject section */
		A32EAC6A20223D650070919C /* Project object */ = {
			isa = PBXProject;
			attributes = {
				LastSwiftUpdateCheck = 0920;
				LastUpgradeCheck = 0920;
				ORGANIZATIONNAME = "Kenny Cohen";
				TargetAttributes = {
					A32EAC7120223D650070919C = {
						CreatedOnToolsVersion = 9.2;
						ProvisioningStyle = Automatic;
					};
					A32EAC8520223D650070919C = {
						CreatedOnToolsVersion = 9.2;
						ProvisioningStyle = Automatic;
						TestTargetID = A32EAC7120223D650070919C;
					};
					A32EAC9020223D650070919C = {
						CreatedOnToolsVersion = 9.2;
						ProvisioningStyle = Automatic;
						TestTargetID = A32EAC7120223D650070919C;
					};
				};
			};
			buildConfigurationList = A32EAC6D20223D650070919C /* Build configuration list for PBXProject "TestLab" */;
			compatibilityVersion = "Xcode 8.0";
			developmentRegion = en;
			hasScannedForEncodings = 0;
			knownRegions = (
				en,
				Base,
			);
			mainGroup = A32EAC6920223D650070919C;
			productRefGroup = A32EAC7320223D650070919C /* Products */;
			projectDirPath = "";
			projectRoot = "";
			targets = (
				A32EAC7120223D650070919C /* TestLab */,
				A32EAC8520223D650070919C /* TestLabTests */,
				A32EAC9020223D650070919C /* TestLabUITests */,
			);
		};
/* End PBXProject section */

/* Begin PBXResourcesBuildPhase section */
		A32EAC7020223D650070919C /* Resources */ = {
			isa = PBXResourcesBuildPhase;
			buildActionMask = 2147483647;
			files = (
				A32EAC8020223D650070919C /* LaunchScreen.storyboard in Resources */,
				A32EAC7D20223D650070919C /* Assets.xcassets in Resources */,
				A32EAC7B20223D650070919C /* Main.storyboard in Resources */,
			);
			runOnlyForDeploymentPostprocessing = 0;
		};
		A32EAC8420223D650070919C /* Resources */ = {
			isa = PBXResourcesBuildPhase;
			buildActionMask = 2147483647;
			files = (
			);
			runOnlyForDeploymentPostprocessing = 0;
		};
		A32EAC8F20223D650070919C /* Resources */ = {
			isa = PBXResourcesBuildPhase;
			buildActionMask = 2147483647;
			files = (
			);
			runOnlyForDeploymentPostprocessing = 0;
		};
/* End PBXResourcesBuildPhase section */

/* Begin PBXSourcesBuildPhase section */
		A32EAC6E20223D650070919C /* Sources */ = {
			isa = PBXSourcesBuildPhase;
			buildActionMask = 2147483647;
			files = (
				A32EAC7820223D650070919C /* ViewController.swift in Sources */,
				A32EAC7620223D650070919C /* AppDelegate.swift in Sources */,
			);
			runOnlyForDeploymentPostprocessing = 0;
		};
		A32EAC8220223D650070919C /* Sources */ = {
			isa = PBXSourcesBuildPhase;
			buildActionMask = 2147483647;
			files = (
				A32EAC8B20223D650070919C /* TestLabTests.swift in Sources */,
			);
			runOnlyForDeploymentPostprocessing = 0;
		};
		A32EAC8D20223D650070919C /* Sources */ = {
			isa = PBXSourcesBuildPhase;
			buildActionMask = 2147483647;
			files = (
				A32EAC9620223D650070919C /* TestLabUITests.swift in Sources */,
			);
			runOnlyForDeploymentPostprocessing = 0;
		};
/* End PBXSourcesBuildPhase section */

/* Begin PBXTargetDependency section */
		A32EAC8820223D650070919C /* PBXTargetDependency */ = {
			isa = PBXTargetDependency;
			target = A32EAC7120223D650070919C /* TestLab */;
			targetProxy = A32EAC8720223D650070919C /* PBXContainerItemProxy */;
		};
		A32EAC9320223D650070919C /* PBXTargetDependency */ = {
			isa = PBXTargetDependency;
			target = A32EAC7120223D650070919C /* TestLab */;
			targetProxy = A32EAC9220223D650070919C /* PBXContainerItemProxy */;
		};
/* End PBXTargetDependency section */

/* Begin PBXVariantGroup section */
		A32EAC7920223D650070919C /* Main.storyboard */ = {
			isa = PBXVariantGroup;
			children = (
				A32EAC7A20223D650070919C /* Base */,
			);
			name = Main.storyboard;
			sourceTree = "<group>";
		};
		A32EAC7E20223D650070919C /* LaunchScreen.storyboard */ = {
			isa = PBXVariantGroup;
			children = (
				A32EAC7F20223D650070919C /* Base */,
			);
			name = LaunchScreen.storyboard;
			sourceTree = "<group>";
		};
/* End PBXVariantGroup section */

/* Begin XCBuildConfiguration section */
		A32EAC9820223D650070919C /* Debug */ = {
			isa = XCBuildConfiguration;
			buildSettings = {
				ALWAYS_SEARCH_USER_PATHS = NO;
				CLANG_ANALYZER_NONNULL = YES;
				CLANG_ANALYZER_NUMBER_OBJECT_CONVERSION = YES_AGGRESSIVE;
				CLANG_CXX_LANGUAGE_STANDARD = "gnu++14";
				CLANG_CXX_LIBRARY = "libc++";
				CLANG_ENABLE_MODULES = YES;
				CLANG_ENABLE_OBJC_ARC = YES;
				CLANG_WARN_BLOCK_CAPTURE_AUTORELEASING = YES;
				CLANG_WARN_BOOL_CONVERSION = YES;
				CLANG_WARN_COMMA = YES;
				CLANG_WARN_CONSTANT_CONVERSION = YES;
				CLANG_WARN_DIRECT_OBJC_ISA_USAGE = YES_ERROR;
				CLANG_WARN_DOCUMENTATION_COMMENTS = YES;
				CLANG_WARN_EMPTY_BODY = YES;
				CLANG_WARN_ENUM_CONVERSION = YES;
				CLANG_WARN_INFINITE_RECURSION = YES;
				CLANG_WARN_INT_CONVERSION = YES;
				CLANG_WARN_NON_LITERAL_NULL_CONVERSION = YES;
				CLANG_WARN_OBJC_LITERAL_CONVERSION = YES;
				CLANG_WARN_OBJC_ROOT_CLASS = YES_ERROR;
				CLANG_WARN_RANGE_LOOP_ANALYSIS = YES;
				CLANG_WARN_STRICT_PROTOTYPES = YES;
				CLANG_WARN_SUSPICIOUS_MOVE = YES;
				CLANG_WARN_UNGUARDED_AVAILABILITY = YES_AGGRESSIVE;
				CLANG_WARN_UNREACHABLE_CODE = YES;
				CLANG_WARN__DUPLICATE_METHOD_MATCH = YES;
				CODE_SIGN_IDENTITY = "iPhone Developer";
				COPY_PHASE_STRIP = NO;
				DEBUG_INFORMATION_FORMAT = dwarf;
				ENABLE_STRICT_OBJC_MSGSEND = YES;
				ENABLE_TESTABILITY = YES;
				GCC_C_LANGUAGE_STANDARD = gnu11;
				GCC_DYNAMIC_NO_PIC = NO;
				GCC_NO_COMMON_BLOCKS = YES;
				GCC_OPTIMIZATION_LEVEL = 0;
				GCC_PREPROCESSOR_DEFINITIONS = (
					"DEBUG=1",
					"$(inherited)",
				);
				GCC_WARN_64_TO_32_BIT_CONVERSION = YES;
				GCC_WARN_ABOUT_RETURN_TYPE = YES_ERROR;
				GCC_WARN_UNDECLARED_SELECTOR = YES;
				GCC_WARN_UNINITIALIZED_AUTOS = YES_AGGRESSIVE;
				GCC_WARN_UNUSED_FUNCTION = YES;
				GCC_WARN_UNUSED_VARIABLE = YES;
				IPHONEOS_DEPLOYMENT_TARGET = 11.2;
				MTL_ENABLE_DEBUG_INFO = YES;
				ONLY_ACTIVE_ARCH = YES;
				SDKROOT = iphoneos;
				SWIFT_ACTIVE_COMPILATION_CONDITIONS = DEBUG;
				SWIFT_OPTIMIZATION_LEVEL = "-Onone";
			};
			name = Debug;
		};
		A32EAC9920223D650070919C /* Release */ = {
			isa = XCBuildConfiguration;
			buildSettings = {
				ALWAYS_SEARCH_USER_PATHS = NO;
				CLANG_ANALYZER_NONNULL = YES;
				CLANG_ANALYZER_NUMBER_OBJECT_CONVERSION = YES_AGGRESSIVE;
				CLANG_CXX_LANGUAGE_STANDARD = "gnu++14";
				CLANG_CXX_LIBRARY = "libc++";
				CLANG_ENABLE_MODULES = YES;
				CLANG_ENABLE_OBJC_ARC = YES;
				CLANG_WARN_BLOCK_CAPTURE_AUTORELEASING = YES;
				CLANG_WARN_BOOL_CONVERSION = YES;
				CLANG_WARN_COMMA = YES;
				CLANG_WARN_CONSTANT_CONVERSION = YES;
				CLANG_WARN_DIRECT_OBJC_ISA_USAGE = YES_ERROR;
				CLANG_WARN_DOCUMENTATION_COMMENTS = YES;
				CLANG_WARN_EMPTY_BODY = YES;
				CLANG_WARN_ENUM_CONVERSION = YES;
				CLANG_WARN_INFINITE_RECURSION = YES;
				CLANG_WARN_INT_CONVERSION = YES;
				CLANG_WARN_NON_LITERAL_NULL_CONVERSION = YES;
				CLANG_WARN_OBJC_LITERAL_CONVERSION = YES;
				CLANG_WARN_OBJC_ROOT_CLASS = YES_ERROR;
				CLANG_WARN_RANGE_LOOP_ANALYSIS = YES;
				CLANG_WARN_STRICT_PROTOTYPES = YES;
				CLANG_WARN_SUSPICIOUS_MOVE = YES;
				CLANG_WARN_UNGUARDED_AVAILABILITY = YES_AGGRESSIVE;
				CLANG_WARN_UNREACHABLE_CODE = YES;
				CLANG_WARN__DUPLICATE_METHOD_MATCH = YES;
				CODE_SIGN_IDENTITY = "iPhone Developer";
				COPY_PHASE_STRIP = NO;
				DEBUG_INFORMATION_FORMAT = "dwarf-with-dsym";
				ENABLE_NS_ASSERTIONS = NO;
				ENABLE_STRICT_OBJC_MSGSEND = YES;
				GCC_C_LANGUAGE_STANDARD = gnu11;
				GCC_NO_COMMON_BLOCKS = YES;
				GCC_WARN_64_TO_32_BIT_CONVERSION = YES;
				GCC_WARN_ABOUT_RETURN_TYPE = YES_ERROR;
				GCC_WARN_UNDECLARED_SELECTOR = YES;
				GCC_WARN_UNINITIALIZED_AUTOS = YES_AGGRESSIVE;
				GCC_WARN_UNUSED_FUNCTION = YES;
				GCC_WARN_UNUSED_VARIABLE = YES;
				IPHONEOS_DEPLOYMENT_TARGET = 11.2;
				MTL_ENABLE_DEBUG_INFO = NO;
				SDKROOT = iphoneos;
				SWIFT_OPTIMIZATION_LEVEL = "-Owholemodule";
				VALIDATE_PRODUCT = YES;
			};
			name = Release;
		};
		A32EAC9B20223D650070919C /* Debug */ = {
			isa = XCBuildConfiguration;
			buildSettings = {
				ASSETCATALOG_COMPILER_APPICON_NAME = AppIcon;
				CODE_SIGN_STYLE = Automatic;
				DEVELOPMENT_TEAM = 67ZF69LXMC;
				INFOPLIST_FILE = TestLab/Info.plist;
				LD_RUNPATH_SEARCH_PATHS = "$(inherited) @executable_path/Frameworks";
				PRODUCT_BUNDLE_IDENTIFIER = kicohen.TestLab;
				PRODUCT_NAME = "$(TARGET_NAME)";
				SWIFT_VERSION = 4.0;
				TARGETED_DEVICE_FAMILY = "1,2";
			};
			name = Debug;
		};
		A32EAC9C20223D650070919C /* Release */ = {
			isa = XCBuildConfiguration;
			buildSettings = {
				ASSETCATALOG_COMPILER_APPICON_NAME = AppIcon;
				CODE_SIGN_STYLE = Automatic;
				DEVELOPMENT_TEAM = 67ZF69LXMC;
				INFOPLIST_FILE = TestLab/Info.plist;
				LD_RUNPATH_SEARCH_PATHS = "$(inherited) @executable_path/Frameworks";
				PRODUCT_BUNDLE_IDENTIFIER = kicohen.TestLab;
				PRODUCT_NAME = "$(TARGET_NAME)";
				SWIFT_VERSION = 4.0;
				TARGETED_DEVICE_FAMILY = "1,2";
			};
			name = Release;
		};
		A32EAC9E20223D650070919C /* Debug */ = {
			isa = XCBuildConfiguration;
			buildSettings = {
				ALWAYS_EMBED_SWIFT_STANDARD_LIBRARIES = YES;
				BUNDLE_LOADER = "$(TEST_HOST)";
				CODE_SIGN_STYLE = Automatic;
				DEVELOPMENT_TEAM = 67ZF69LXMC;
				INFOPLIST_FILE = TestLabTests/Info.plist;
				LD_RUNPATH_SEARCH_PATHS = "$(inherited) @executable_path/Frameworks @loader_path/Frameworks";
				PRODUCT_BUNDLE_IDENTIFIER = kicohen.TestLabTests;
				PRODUCT_NAME = "$(TARGET_NAME)";
				SWIFT_VERSION = 4.0;
				TARGETED_DEVICE_FAMILY = "1,2";
				TEST_HOST = "$(BUILT_PRODUCTS_DIR)/TestLab.app/TestLab";
			};
			name = Debug;
		};
		A32EAC9F20223D650070919C /* Release */ = {
			isa = XCBuildConfiguration;
			buildSettings = {
				ALWAYS_EMBED_SWIFT_STANDARD_LIBRARIES = YES;
				BUNDLE_LOADER = "$(TEST_HOST)";
				CODE_SIGN_STYLE = Automatic;
				DEVELOPMENT_TEAM = 67ZF69LXMC;
				INFOPLIST_FILE = TestLabTests/Info.plist;
				LD_RUNPATH_SEARCH_PATHS = "$(inherited) @executable_path/Frameworks @loader_path/Frameworks";
				PRODUCT_BUNDLE_IDENTIFIER = kicohen.TestLabTests;
				PRODUCT_NAME = "$(TARGET_NAME)";
				SWIFT_VERSION = 4.0;
				TARGETED_DEVICE_FAMILY = "1,2";
				TEST_HOST = "$(BUILT_PRODUCTS_DIR)/TestLab.app/TestLab";
			};
			name = Release;
		};
		A32EACA120223D650070919C /* Debug */ = {
			isa = XCBuildConfiguration;
			buildSettings = {
				ALWAYS_EMBED_SWIFT_STANDARD_LIBRARIES = YES;
				CODE_SIGN_STYLE = Automatic;
				DEVELOPMENT_TEAM = 67ZF69LXMC;
				INFOPLIST_FILE = TestLabUITests/Info.plist;
				LD_RUNPATH_SEARCH_PATHS = "$(inherited) @executable_path/Frameworks @loader_path/Frameworks";
				PRODUCT_BUNDLE_IDENTIFIER = kicohen.TestLabUITests;
				PRODUCT_NAME = "$(TARGET_NAME)";
				SWIFT_VERSION = 4.0;
				TARGETED_DEVICE_FAMILY = "1,2";
				TEST_TARGET_NAME = TestLab;
			};
			name = Debug;
		};
		A32EACA220223D650070919C /* Release */ = {
			isa = XCBuildConfiguration;
			buildSettings = {
				ALWAYS_EMBED_SWIFT_STANDARD_LIBRARIES = YES;
				CODE_SIGN_STYLE = Automatic;
				DEVELOPMENT_TEAM = 67ZF69LXMC;
				INFOPLIST_FILE = TestLabUITests/Info.plist;
				LD_RUNPATH_SEARCH_PATHS = "$(inherited) @executable_path/Frameworks @loader_path/Frameworks";
				PRODUCT_BUNDLE_IDENTIFIER = kicohen.TestLabUITests;
				PRODUCT_NAME = "$(TARGET_NAME)";
				SWIFT_VERSION = 4.0;
				TARGETED_DEVICE_FAMILY = "1,2";
				TEST_TARGET_NAME = TestLab;
			};
			name = Release;
		};
/* End XCBuildConfiguration section */

/* Begin XCConfigurationList section */
		A32EAC6D20223D650070919C /* Build configuration list for PBXProject "TestLab" */ = {
			isa = XCConfigurationList;
			buildConfigurations = (
				A32EAC9820223D650070919C /* Debug */,
				A32EAC9920223D650070919C /* Release */,
			);
			defaultConfigurationIsVisible = 0;
			defaultConfigurationName = Release;
		};
		A32EAC9A20223D650070919C /* Build configuration list for PBXNativeTarget "TestLab" */ = {
			isa = XCConfigurationList;
			buildConfigurations = (
				A32EAC9B20223D650070919C /* Debug */,
				A32EAC9C20223D650070919C /* Release */,
			);
			defaultConfigurationIsVisible = 0;
			defaultConfigurationName = Release;
		};
		A32EAC9D20223D650070919C /* Build configuration list for PBXNativeTarget "TestLabTests" */ = {
			isa = XCConfigurationList;
			buildConfigurations = (
				A32EAC9E20223D650070919C /* Debug */,
				A32EAC9F20223D650070919C /* Release */,
			);
			defaultConfigurationIsVisible = 0;
			defaultConfigurationName = Release;
		};
		A32EACA020223D650070919C /* Build configuration list for PBXNativeTarget "TestLabUITests" */ = {
			isa = XCConfigurationList;
			buildConfigurations = (
				A32EACA120223D650070919C /* Debug */,
				A32EACA220223D650070919C /* Release */,
			);
			defaultConfigurationIsVisible = 0;
			defaultConfigurationName = Release;
		};
/* End XCConfigurationList section */
	};
	rootObject = A32EAC6A20223D650070919C /* Project object */;
}
