// !$*UTF8*$!
{
	archiveVersion = 1;
	classes = {
	};
	objectVersion = 48;
	objects = {

/* Begin PBXBuildFile section */
		7B39085C2013E818009F1AD5 /* AppDelegate.swift in Sources */ = {isa = PBXBuildFile; fileRef = 7B39085B2013E818009F1AD5 /* AppDelegate.swift */; };
		7B39085E2013E818009F1AD5 /* ViewController.swift in Sources */ = {isa = PBXBuildFile; fileRef = 7B39085D2013E818009F1AD5 /* ViewController.swift */; };
		7B3908612013E818009F1AD5 /* Main.storyboard in Resources */ = {isa = PBXBuildFile; fileRef = 7B39085F2013E818009F1AD5 /* Main.storyboard */; };
		7B3908632013E818009F1AD5 /* Assets.xcassets in Resources */ = {isa = PBXBuildFile; fileRef = 7B3908622013E818009F1AD5 /* Assets.xcassets */; };
		7B3908662013E818009F1AD5 /* LaunchScreen.storyboard in Resources */ = {isa = PBXBuildFile; fileRef = 7B3908642013E818009F1AD5 /* LaunchScreen.storyboard */; };
		7B39086E2013E840009F1AD5 /* TempConverter.swift in Sources */ = {isa = PBXBuildFile; fileRef = 7B39086D2013E840009F1AD5 /* TempConverter.swift */; };
		7B3908702013F52D009F1AD5 /* AboutViewController.swift in Sources */ = {isa = PBXBuildFile; fileRef = 7B39086F2013F52D009F1AD5 /* AboutViewController.swift */; };
/* End PBXBuildFile section */

/* Begin PBXFileReference section */
		7B3908582013E818009F1AD5 /* TempConverterApp.app */ = {isa = PBXFileReference; explicitFileType = wrapper.application; includeInIndex = 0; path = TempConverterApp.app; sourceTree = BUILT_PRODUCTS_DIR; };
		7B39085B2013E818009F1AD5 /* AppDelegate.swift */ = {isa = PBXFileReference; lastKnownFileType = sourcecode.swift; path = AppDelegate.swift; sourceTree = "<group>"; };
		7B39085D2013E818009F1AD5 /* ViewController.swift */ = {isa = PBXFileReference; lastKnownFileType = sourcecode.swift; path = ViewController.swift; sourceTree = "<group>"; };
		7B3908602013E818009F1AD5 /* Base */ = {isa = PBXFileReference; lastKnownFileType = file.storyboard; name = Base; path = Base.lproj/Main.storyboard; sourceTree = "<group>"; };
		7B3908622013E818009F1AD5 /* Assets.xcassets */ = {isa = PBXFileReference; lastKnownFileType = folder.assetcatalog; path = Assets.xcassets; sourceTree = "<group>"; };
		7B3908652013E818009F1AD5 /* Base */ = {isa = PBXFileReference; lastKnownFileType = file.storyboard; name = Base; path = Base.lproj/LaunchScreen.storyboard; sourceTree = "<group>"; };
		7B3908672013E818009F1AD5 /* Info.plist */ = {isa = PBXFileReference; lastKnownFileType = text.plist.xml; path = Info.plist; sourceTree = "<group>"; };
		7B39086D2013E840009F1AD5 /* TempConverter.swift */ = {isa = PBXFileReference; lastKnownFileType = sourcecode.swift; path = TempConverter.swift; sourceTree = "<group>"; };
		7B39086F2013F52D009F1AD5 /* AboutViewController.swift */ = {isa = PBXFileReference; lastKnownFileType = sourcecode.swift; path = AboutViewController.swift; sourceTree = "<group>"; };
/* End PBXFileReference section */

/* Begin PBXFrameworksBuildPhase section */
		7B3908552013E818009F1AD5 /* Frameworks */ = {
			isa = PBXFrameworksBuildPhase;
			buildActionMask = 2147483647;
			files = (
			);
			runOnlyForDeploymentPostprocessing = 0;
		};
/* End PBXFrameworksBuildPhase section */

/* Begin PBXGroup section */
		7B39084F2013E818009F1AD5 = {
			isa = PBXGroup;
			children = (
				7B39086F2013F52D009F1AD5 /* AboutViewController.swift */,
				7B39086D2013E840009F1AD5 /* TempConverter.swift */,
				7B39085A2013E818009F1AD5 /* TempConverterApp */,
				7B3908592013E818009F1AD5 /* Products */,
			);
			sourceTree = "<group>";
		};
		7B3908592013E818009F1AD5 /* Products */ = {
			isa = PBXGroup;
			children = (
				7B3908582013E818009F1AD5 /* TempConverterApp.app */,
			);
			name = Products;
			sourceTree = "<group>";
		};
		7B39085A2013E818009F1AD5 /* TempConverterApp */ = {
			isa = PBXGroup;
			children = (
				7B39085B2013E818009F1AD5 /* AppDelegate.swift */,
				7B39085D2013E818009F1AD5 /* ViewController.swift */,
				7B39085F2013E818009F1AD5 /* Main.storyboard */,
				7B3908622013E818009F1AD5 /* Assets.xcassets */,
				7B3908642013E818009F1AD5 /* LaunchScreen.storyboard */,
				7B3908672013E818009F1AD5 /* Info.plist */,
			);
			path = TempConverterApp;
			sourceTree = "<group>";
		};
/* End PBXGroup section */

/* Begin PBXNativeTarget section */
		7B3908572013E818009F1AD5 /* TempConverterApp */ = {
			isa = PBXNativeTarget;
			buildConfigurationList = 7B39086A2013E818009F1AD5 /* Build configuration list for PBXNativeTarget "TempConverterApp" */;
			buildPhases = (
				7B3908542013E818009F1AD5 /* Sources */,
				7B3908552013E818009F1AD5 /* Frameworks */,
				7B3908562013E818009F1AD5 /* Resources */,
			);
			buildRules = (
			);
			dependencies = (
			);
			name = TempConverterApp;
			productName = TempConverterApp;
			productReference = 7B3908582013E818009F1AD5 /* TempConverterApp.app */;
			productType = "com.apple.product-type.application";
		};
/* End PBXNativeTarget section */

/* Begin PBXProject section */
		7B3908502013E818009F1AD5 /* Project object */ = {
			isa = PBXProject;
			attributes = {
				LastSwiftUpdateCheck = 0920;
				LastUpgradeCheck = 0920;
				ORGANIZATIONNAME = "Jordan Stapinski";
				TargetAttributes = {
					7B3908572013E818009F1AD5 = {
						CreatedOnToolsVersion = 9.2;
						ProvisioningStyle = Automatic;
					};
				};
			};
			buildConfigurationList = 7B3908532013E818009F1AD5 /* Build configuration list for PBXProject "TempConverterApp" */;
			compatibilityVersion = "Xcode 8.0";
			developmentRegion = en;
			hasScannedForEncodings = 0;
			knownRegions = (
				en,
				Base,
			);
			mainGroup = 7B39084F2013E818009F1AD5;
			productRefGroup = 7B3908592013E818009F1AD5 /* Products */;
			projectDirPath = "";
			projectRoot = "";
			targets = (
				7B3908572013E818009F1AD5 /* TempConverterApp */,
			);
		};
/* End PBXProject section */

/* Begin PBXResourcesBuildPhase section */
		7B3908562013E818009F1AD5 /* Resources */ = {
			isa = PBXResourcesBuildPhase;
			buildActionMask = 2147483647;
			files = (
				7B3908662013E818009F1AD5 /* LaunchScreen.storyboard in Resources */,
				7B3908632013E818009F1AD5 /* Assets.xcassets in Resources */,
				7B3908612013E818009F1AD5 /* Main.storyboard in Resources */,
			);
			runOnlyForDeploymentPostprocessing = 0;
		};
/* End PBXResourcesBuildPhase section */

/* Begin PBXSourcesBuildPhase section */
		7B3908542013E818009F1AD5 /* Sources */ = {
			isa = PBXSourcesBuildPhase;
			buildActionMask = 2147483647;
			files = (
				7B39086E2013E840009F1AD5 /* TempConverter.swift in Sources */,
				7B39085E2013E818009F1AD5 /* ViewController.swift in Sources */,
				7B3908702013F52D009F1AD5 /* AboutViewController.swift in Sources */,
				7B39085C2013E818009F1AD5 /* AppDelegate.swift in Sources */,
			);
			runOnlyForDeploymentPostprocessing = 0;
		};
/* End PBXSourcesBuildPhase section */

/* Begin PBXVariantGroup section */
		7B39085F2013E818009F1AD5 /* Main.storyboard */ = {
			isa = PBXVariantGroup;
			children = (
				7B3908602013E818009F1AD5 /* Base */,
			);
			name = Main.storyboard;
			sourceTree = "<group>";
		};
		7B3908642013E818009F1AD5 /* LaunchScreen.storyboard */ = {
			isa = PBXVariantGroup;
			children = (
				7B3908652013E818009F1AD5 /* Base */,
			);
			name = LaunchScreen.storyboard;
			sourceTree = "<group>";
		};
/* End PBXVariantGroup section */

/* Begin XCBuildConfiguration section */
		7B3908682013E818009F1AD5 /* Debug */ = {
			isa = XCBuildConfiguration;
			buildSettings = {
				ALWAYS_SEARCH_USER_PATHS = NO;
				CLANG_ANALYZER_NONNULL = YES;
				CLANG_ANALYZER_NUMBER_OBJECT_CONVERSION = YES_AGGRESSIVE;
				CLANG_CXX_LANGUAGE_STANDARD = "gnu++14";
				CLANG_CXX_LIBRARY = "libc++";
				CLANG_ENABLE_MODULES = YES;
				CLANG_ENABLE_OBJC_ARC = YES;
				CLANG_WARN_BLOCK_CAPTURE_AUTORELEASING = YES;
				CLANG_WARN_BOOL_CONVERSION = YES;
				CLANG_WARN_COMMA = YES;
				CLANG_WARN_CONSTANT_CONVERSION = YES;
				CLANG_WARN_DIRECT_OBJC_ISA_USAGE = YES_ERROR;
				CLANG_WARN_DOCUMENTATION_COMMENTS = YES;
				CLANG_WARN_EMPTY_BODY = YES;
				CLANG_WARN_ENUM_CONVERSION = YES;
				CLANG_WARN_INFINITE_RECURSION = YES;
				CLANG_WARN_INT_CONVERSION = YES;
				CLANG_WARN_NON_LITERAL_NULL_CONVERSION = YES;
				CLANG_WARN_OBJC_LITERAL_CONVERSION = YES;
				CLANG_WARN_OBJC_ROOT_CLASS = YES_ERROR;
				CLANG_WARN_RANGE_LOOP_ANALYSIS = YES;
				CLANG_WARN_STRICT_PROTOTYPES = YES;
				CLANG_WARN_SUSPICIOUS_MOVE = YES;
				CLANG_WARN_UNGUARDED_AVAILABILITY = YES_AGGRESSIVE;
				CLANG_WARN_UNREACHABLE_CODE = YES;
				CLANG_WARN__DUPLICATE_METHOD_MATCH = YES;
				CODE_SIGN_IDENTITY = "iPhone Developer";
				COPY_PHASE_STRIP = NO;
				DEBUG_INFORMATION_FORMAT = dwarf;
				ENABLE_STRICT_OBJC_MSGSEND = YES;
				ENABLE_TESTABILITY = YES;
				GCC_C_LANGUAGE_STANDARD = gnu11;
				GCC_DYNAMIC_NO_PIC = NO;
				GCC_NO_COMMON_BLOCKS = YES;
				GCC_OPTIMIZATION_LEVEL = 0;
				GCC_PREPROCESSOR_DEFINITIONS = (
					"DEBUG=1",
					"$(inherited)",
				);
				GCC_WARN_64_TO_32_BIT_CONVERSION = YES;
				GCC_WARN_ABOUT_RETURN_TYPE = YES_ERROR;
				GCC_WARN_UNDECLARED_SELECTOR = YES;
				GCC_WARN_UNINITIALIZED_AUTOS = YES_AGGRESSIVE;
				GCC_WARN_UNUSED_FUNCTION = YES;
				GCC_WARN_UNUSED_VARIABLE = YES;
				IPHONEOS_DEPLOYMENT_TARGET = 11.2;
				MTL_ENABLE_DEBUG_INFO = YES;
				ONLY_ACTIVE_ARCH = YES;
				SDKROOT = iphoneos;
				SWIFT_ACTIVE_COMPILATION_CONDITIONS = DEBUG;
				SWIFT_OPTIMIZATION_LEVEL = "-Onone";
			};
			name = Debug;
		};
		7B3908692013E818009F1AD5 /* Release */ = {
			isa = XCBuildConfiguration;
			buildSettings = {
				ALWAYS_SEARCH_USER_PATHS = NO;
				CLANG_ANALYZER_NONNULL = YES;
				CLANG_ANALYZER_NUMBER_OBJECT_CONVERSION = YES_AGGRESSIVE;
				CLANG_CXX_LANGUAGE_STANDARD = "gnu++14";
				CLANG_CXX_LIBRARY = "libc++";
				CLANG_ENABLE_MODULES = YES;
				CLANG_ENABLE_OBJC_ARC = YES;
				CLANG_WARN_BLOCK_CAPTURE_AUTORELEASING = YES;
				CLANG_WARN_BOOL_CONVERSION = YES;
				CLANG_WARN_COMMA = YES;
				CLANG_WARN_CONSTANT_CONVERSION = YES;
				CLANG_WARN_DIRECT_OBJC_ISA_USAGE = YES_ERROR;
				CLANG_WARN_DOCUMENTATION_COMMENTS = YES;
				CLANG_WARN_EMPTY_BODY = YES;
				CLANG_WARN_ENUM_CONVERSION = YES;
				CLANG_WARN_INFINITE_RECURSION = YES;
				CLANG_WARN_INT_CONVERSION = YES;
				CLANG_WARN_NON_LITERAL_NULL_CONVERSION = YES;
				CLANG_WARN_OBJC_LITERAL_CONVERSION = YES;
				CLANG_WARN_OBJC_ROOT_CLASS = YES_ERROR;
				CLANG_WARN_RANGE_LOOP_ANALYSIS = YES;
				CLANG_WARN_STRICT_PROTOTYPES = YES;
				CLANG_WARN_SUSPICIOUS_MOVE = YES;
				CLANG_WARN_UNGUARDED_AVAILABILITY = YES_AGGRESSIVE;
				CLANG_WARN_UNREACHABLE_CODE = YES;
				CLANG_WARN__DUPLICATE_METHOD_MATCH = YES;
				CODE_SIGN_IDENTITY = "iPhone Developer";
				COPY_PHASE_STRIP = NO;
				DEBUG_INFORMATION_FORMAT = "dwarf-with-dsym";
				ENABLE_NS_ASSERTIONS = NO;
				ENABLE_STRICT_OBJC_MSGSEND = YES;
				GCC_C_LANGUAGE_STANDARD = gnu11;
				GCC_NO_COMMON_BLOCKS = YES;
				GCC_WARN_64_TO_32_BIT_CONVERSION = YES;
				GCC_WARN_ABOUT_RETURN_TYPE = YES_ERROR;
				GCC_WARN_UNDECLARED_SELECTOR = YES;
				GCC_WARN_UNINITIALIZED_AUTOS = YES_AGGRESSIVE;
				GCC_WARN_UNUSED_FUNCTION = YES;
				GCC_WARN_UNUSED_VARIABLE = YES;
				IPHONEOS_DEPLOYMENT_TARGET = 11.2;
				MTL_ENABLE_DEBUG_INFO = NO;
				SDKROOT = iphoneos;
				SWIFT_OPTIMIZATION_LEVEL = "-Owholemodule";
				VALIDATE_PRODUCT = YES;
			};
			name = Release;
		};
		7B39086B2013E818009F1AD5 /* Debug */ = {
			isa = XCBuildConfiguration;
			buildSettings = {
				ASSETCATALOG_COMPILER_APPICON_NAME = AppIcon;
				CODE_SIGN_STYLE = Automatic;
				INFOPLIST_FILE = TempConverterApp/Info.plist;
				LD_RUNPATH_SEARCH_PATHS = "$(inherited) @executable_path/Frameworks";
				PRODUCT_BUNDLE_IDENTIFIER = "Jordan-Stapinski.TempConverterApp";
				PRODUCT_NAME = "$(TARGET_NAME)";
				SWIFT_VERSION = 4.0;
				TARGETED_DEVICE_FAMILY = "1,2";
			};
			name = Debug;
		};
		7B39086C2013E818009F1AD5 /* Release */ = {
			isa = XCBuildConfiguration;
			buildSettings = {
				ASSETCATALOG_COMPILER_APPICON_NAME = AppIcon;
				CODE_SIGN_STYLE = Automatic;
				INFOPLIST_FILE = TempConverterApp/Info.plist;
				LD_RUNPATH_SEARCH_PATHS = "$(inherited) @executable_path/Frameworks";
				PRODUCT_BUNDLE_IDENTIFIER = "Jordan-Stapinski.TempConverterApp";
				PRODUCT_NAME = "$(TARGET_NAME)";
				SWIFT_VERSION = 4.0;
				TARGETED_DEVICE_FAMILY = "1,2";
			};
			name = Release;
		};
/* End XCBuildConfiguration section */

/* Begin XCConfigurationList section */
		7B3908532013E818009F1AD5 /* Build configuration list for PBXProject "TempConverterApp" */ = {
			isa = XCConfigurationList;
			buildConfigurations = (
				7B3908682013E818009F1AD5 /* Debug */,
				7B3908692013E818009F1AD5 /* Release */,
			);
			defaultConfigurationIsVisible = 0;
			defaultConfigurationName = Release;
		};
		7B39086A2013E818009F1AD5 /* Build configuration list for PBXNativeTarget "TempConverterApp" */ = {
			isa = XCConfigurationList;
			buildConfigurations = (
				7B39086B2013E818009F1AD5 /* Debug */,
				7B39086C2013E818009F1AD5 /* Release */,
			);
			defaultConfigurationIsVisible = 0;
			defaultConfigurationName = Release;
		};
/* End XCConfigurationList section */
	};
	rootObject = 7B3908502013E818009F1AD5 /* Project object */;
}
